
Microsoft Visual Studio Solution File, Format Version 11.00
# Visual Studio 2010
Project("{FAE04EC0-301F-11D3-BF4B-00C04F79EFBC}") = "Assembly-CSharp", "Assembly-CSharp.csproj", "{91A1D88F-45CD-420C-B6F4-74DE29657069}"
EndProject
Project("{FAE04EC0-301F-11D3-BF4B-00C04F79EFBC}") = "Assembly-CSharp-firstpass", "Assembly-CSharp-firstpass.csproj", "{6313783E-33A9-12D4-A853-896DDFA1DC10}"
EndProject
Project("{FAE04EC0-301F-11D3-BF4B-00C04F79EFBC}") = "Assembly-CSharp-Editor-firstpass", "Assembly-CSharp-Editor-firstpass.csproj", "{386096C4-5389-91B1-AF70-414A7BF28277}"
EndProject
Global
	GlobalSection(SolutionConfigurationPlatforms) = preSolution
		Debug|Any CPU = Debug|Any CPU
		Release|Any CPU = Release|Any CPU
	EndGlobalSection
	GlobalSection(ProjectConfigurationPlatforms) = postSolution
		{91A1D88F-45CD-420C-B6F4-74DE29657069}.Debug|Any CPU.ActiveCfg = Debug|Any CPU
		{91A1D88F-45CD-420C-B6F4-74DE29657069}.Debug|Any CPU.Build.0 = Debug|Any CPU
		{91A1D88F-45CD-420C-B6F4-74DE29657069}.Release|Any CPU.ActiveCfg = Release|Any CPU
		{91A1D88F-45CD-420C-B6F4-74DE29657069}.Release|Any CPU.Build.0 = Release|Any CPU
		{6313783E-33A9-12D4-A853-896DDFA1DC10}.Debug|Any CPU.ActiveCfg = Debug|Any CPU
		{6313783E-33A9-12D4-A853-896DDFA1DC10}.Debug|Any CPU.Build.0 = Debug|Any CPU
		{6313783E-33A9-12D4-A853-896DDFA1DC10}.Release|Any CPU.ActiveCfg = Release|Any CPU
		{6313783E-33A9-12D4-A853-896DDFA1DC10}.Release|Any CPU.Build.0 = Release|Any CPU
		{386096C4-5389-91B1-AF70-414A7BF28277}.Debug|Any CPU.ActiveCfg = Debug|Any CPU
		{386096C4-5389-91B1-AF70-414A7BF28277}.Debug|Any CPU.Build.0 = Debug|Any CPU
		{386096C4-5389-91B1-AF70-414A7BF28277}.Release|Any CPU.ActiveCfg = Release|Any CPU
		{386096C4-5389-91B1-AF70-414A7BF28277}.Release|Any CPU.Build.0 = Release|Any CPU
	EndGlobalSection
	GlobalSection(SolutionProperties) = preSolution
		HideSolutionNode = FALSE
	EndGlobalSection
	GlobalSection(MonoDevelopProperties) = preSolution
		StartupItem = Assembly-CSharp.csproj
	EndGlobalSection
EndGlobal
